
Microsoft Visual Studio Solution File, Format Version 12.00
# Visual Studio Version 17
VisualStudioVersion = 17.9.34701.34
MinimumVisualStudioVersion = 10.0.40219.1
Project("{9A19103F-16F7-4668-BE54-9A1E7A4F7556}") = "AStar.FunctionalExtensions.Unit.Tests", "tests\AStar.FunctionalExtensions.Unit.Tests\AStar.FunctionalExtensions.Unit.Tests.csproj", "{C07EEB5E-AB35-432F-920C-A59393F374A6}"
EndProject
Project("{2150E333-8FDC-42A3-9474-1A3956D46DE8}") = "src", "src", "{3BC86D8A-BA50-4EF5-AA62-846839C56AD6}"
EndProject
Project("{2150E333-8FDC-42A3-9474-1A3956D46DE8}") = "tests", "tests", "{60204641-84D6-4E56-B2C5-8AEE749598BE}"
EndProject
Project("{9A19103F-16F7-4668-BE54-9A1E7A4F7556}") = "AStar.FunctionalExtensions", "src\AStar.FunctionalExtensions\AStar.FunctionalExtensions.csproj", "{2D6017F2-42EE-4CA6-8BBE-E95B01F3CC7C}"
EndProject
Global
	GlobalSection(SolutionConfigurationPlatforms) = preSolution
		Debug|Any CPU = Debug|Any CPU
		Release|Any CPU = Release|Any CPU
	EndGlobalSection
	GlobalSection(ProjectConfigurationPlatforms) = postSolution
		{C07EEB5E-AB35-432F-920C-A59393F374A6}.Debug|Any CPU.ActiveCfg = Debug|Any CPU
		{C07EEB5E-AB35-432F-920C-A59393F374A6}.Debug|Any CPU.Build.0 = Debug|Any CPU
		{C07EEB5E-AB35-432F-920C-A59393F374A6}.Release|Any CPU.ActiveCfg = Release|Any CPU
		{C07EEB5E-AB35-432F-920C-A59393F374A6}.Release|Any CPU.Build.0 = Release|Any CPU
		{2D6017F2-42EE-4CA6-8BBE-E95B01F3CC7C}.Debug|Any CPU.ActiveCfg = Debug|Any CPU
		{2D6017F2-42EE-4CA6-8BBE-E95B01F3CC7C}.Debug|Any CPU.Build.0 = Debug|Any CPU
		{2D6017F2-42EE-4CA6-8BBE-E95B01F3CC7C}.Release|Any CPU.ActiveCfg = Release|Any CPU
		{2D6017F2-42EE-4CA6-8BBE-E95B01F3CC7C}.Release|Any CPU.Build.0 = Release|Any CPU
	EndGlobalSection
	GlobalSection(SolutionProperties) = preSolution
		HideSolutionNode = FALSE
	EndGlobalSection
	GlobalSection(NestedProjects) = preSolution
		{C07EEB5E-AB35-432F-920C-A59393F374A6} = {60204641-84D6-4E56-B2C5-8AEE749598BE}
		{2D6017F2-42EE-4CA6-8BBE-E95B01F3CC7C} = {3BC86D8A-BA50-4EF5-AA62-846839C56AD6}
	EndGlobalSection
	GlobalSection(ExtensibilityGlobals) = postSolution
		SolutionGuid = {B19D574C-1ABA-4E5F-AAC9-3209C9B01717}
	EndGlobalSection
EndGlobal
